// !$*UTF8*$!
{
	archiveVersion = 1;
	classes = {
	};
	objectVersion = 46;
	objects = {

/* Begin PBXBuildFile section */
		690158A61D199F13003818E3 /* FourthViewController.swift in Sources */ = {isa = PBXBuildFile; fileRef = 690158A51D199F13003818E3 /* FourthViewController.swift */; };
		690158A91D19AF51003818E3 /* FlickrCollectionViewCell.swift in Sources */ = {isa = PBXBuildFile; fileRef = 690158A71D19AF51003818E3 /* FlickrCollectionViewCell.swift */; };
		690158AA1D19AF51003818E3 /* FlickrCollectionViewCell.xib in Resources */ = {isa = PBXBuildFile; fileRef = 690158A81D19AF51003818E3 /* FlickrCollectionViewCell.xib */; };
		691A26031D18254A009104FC /* ThirdViewController.swift in Sources */ = {isa = PBXBuildFile; fileRef = 691A26021D18254A009104FC /* ThirdViewController.swift */; };
		691A26051D18260E009104FC /* ViewController.swift in Sources */ = {isa = PBXBuildFile; fileRef = 691A26041D18260E009104FC /* ViewController.swift */; };
		693265E61D1E3D7E006A5EA8 /* FlickrPhotoViewController.swift in Sources */ = {isa = PBXBuildFile; fileRef = 693265E41D1E3D7E006A5EA8 /* FlickrPhotoViewController.swift */; };
		693265E71D1E3D7E006A5EA8 /* FlickrPhotoViewController.xib in Resources */ = {isa = PBXBuildFile; fileRef = 693265E51D1E3D7E006A5EA8 /* FlickrPhotoViewController.xib */; };
		6974E47E1D11B653005EC792 /* AppDelegate.swift in Sources */ = {isa = PBXBuildFile; fileRef = 6974E47D1D11B653005EC792 /* AppDelegate.swift */; };
		6974E4801D11B654005EC792 /* FirstViewController.swift in Sources */ = {isa = PBXBuildFile; fileRef = 6974E47F1D11B654005EC792 /* FirstViewController.swift */; };
		6974E4821D11B654005EC792 /* SecondViewController.swift in Sources */ = {isa = PBXBuildFile; fileRef = 6974E4811D11B654005EC792 /* SecondViewController.swift */; };
		6974E4851D11B654005EC792 /* Main.storyboard in Resources */ = {isa = PBXBuildFile; fileRef = 6974E4831D11B654005EC792 /* Main.storyboard */; };
		6974E4871D11B654005EC792 /* Assets.xcassets in Resources */ = {isa = PBXBuildFile; fileRef = 6974E4861D11B654005EC792 /* Assets.xcassets */; };
		6974E48A1D11B654005EC792 /* LaunchScreen.storyboard in Resources */ = {isa = PBXBuildFile; fileRef = 6974E4881D11B654005EC792 /* LaunchScreen.storyboard */; };
		6974E4951D11B654005EC792 /* Location_DiscoverUITests.swift in Sources */ = {isa = PBXBuildFile; fileRef = 6974E4941D11B654005EC792 /* Location_DiscoverUITests.swift */; };
		6974E4A01D11B8D0005EC792 /* MapKit.framework in Frameworks */ = {isa = PBXBuildFile; fileRef = 6974E49F1D11B8D0005EC792 /* MapKit.framework */; };
		6997097D1D18BE300050C8EE /* TweetsTableViewCell.swift in Sources */ = {isa = PBXBuildFile; fileRef = 6997097B1D18BE300050C8EE /* TweetsTableViewCell.swift */; };
		6997097E1D18BE300050C8EE /* TweetsTableViewCell.xib in Resources */ = {isa = PBXBuildFile; fileRef = 6997097C1D18BE300050C8EE /* TweetsTableViewCell.xib */; };
		69B966401D6420050029C76A /* DataProcessor.swift in Sources */ = {isa = PBXBuildFile; fileRef = 69B9663F1D6420050029C76A /* DataProcessor.swift */; };
		69B966421D6420280029C76A /* APICommunicator.swift in Sources */ = {isa = PBXBuildFile; fileRef = 69B966411D6420280029C76A /* APICommunicator.swift */; };
		EF5B82AFCD1E9E856FA7DB4F /* Pods_Location_Discover.framework in Frameworks */ = {isa = PBXBuildFile; fileRef = 304AE0E1072725814A824F5F /* Pods_Location_Discover.framework */; };
/* End PBXBuildFile section */

/* Begin PBXContainerItemProxy section */
		6974E4911D11B654005EC792 /* PBXContainerItemProxy */ = {
			isa = PBXContainerItemProxy;
			containerPortal = 6974E4721D11B653005EC792 /* Project object */;
			proxyType = 1;
			remoteGlobalIDString = 6974E4791D11B653005EC792;
			remoteInfo = "Location Discover";
		};
/* End PBXContainerItemProxy section */

/* Begin PBXFileReference section */
		1C2D2FAF8E1197B2C1B7AF9A /* Pods-Location Discover.debug.xcconfig */ = {isa = PBXFileReference; includeInIndex = 1; lastKnownFileType = text.xcconfig; name = "Pods-Location Discover.debug.xcconfig"; path = "Pods/Target Support Files/Pods-Location Discover/Pods-Location Discover.debug.xcconfig"; sourceTree = "<group>"; };
		304AE0E1072725814A824F5F /* Pods_Location_Discover.framework */ = {isa = PBXFileReference; explicitFileType = wrapper.framework; includeInIndex = 0; path = Pods_Location_Discover.framework; sourceTree = BUILT_PRODUCTS_DIR; };
		690158A51D199F13003818E3 /* FourthViewController.swift */ = {isa = PBXFileReference; fileEncoding = 4; lastKnownFileType = sourcecode.swift; path = FourthViewController.swift; sourceTree = "<group>"; };
		690158A71D19AF51003818E3 /* FlickrCollectionViewCell.swift */ = {isa = PBXFileReference; fileEncoding = 4; lastKnownFileType = sourcecode.swift; path = FlickrCollectionViewCell.swift; sourceTree = "<group>"; };
		690158A81D19AF51003818E3 /* FlickrCollectionViewCell.xib */ = {isa = PBXFileReference; fileEncoding = 4; lastKnownFileType = file.xib; path = FlickrCollectionViewCell.xib; sourceTree = "<group>"; };
		691A26021D18254A009104FC /* ThirdViewController.swift */ = {isa = PBXFileReference; fileEncoding = 4; lastKnownFileType = sourcecode.swift; path = ThirdViewController.swift; sourceTree = "<group>"; };
		691A26041D18260E009104FC /* ViewController.swift */ = {isa = PBXFileReference; fileEncoding = 4; lastKnownFileType = sourcecode.swift; path = ViewController.swift; sourceTree = "<group>"; };
		693265E41D1E3D7E006A5EA8 /* FlickrPhotoViewController.swift */ = {isa = PBXFileReference; fileEncoding = 4; lastKnownFileType = sourcecode.swift; path = FlickrPhotoViewController.swift; sourceTree = "<group>"; };
		693265E51D1E3D7E006A5EA8 /* FlickrPhotoViewController.xib */ = {isa = PBXFileReference; fileEncoding = 4; lastKnownFileType = file.xib; path = FlickrPhotoViewController.xib; sourceTree = "<group>"; };
		6974E47A1D11B653005EC792 /* Location Discover.app */ = {isa = PBXFileReference; explicitFileType = wrapper.application; includeInIndex = 0; path = "Location Discover.app"; sourceTree = BUILT_PRODUCTS_DIR; };
		6974E47D1D11B653005EC792 /* AppDelegate.swift */ = {isa = PBXFileReference; lastKnownFileType = sourcecode.swift; path = AppDelegate.swift; sourceTree = "<group>"; };
		6974E47F1D11B654005EC792 /* FirstViewController.swift */ = {isa = PBXFileReference; lastKnownFileType = sourcecode.swift; path = FirstViewController.swift; sourceTree = "<group>"; };
		6974E4811D11B654005EC792 /* SecondViewController.swift */ = {isa = PBXFileReference; lastKnownFileType = sourcecode.swift; path = SecondViewController.swift; sourceTree = "<group>"; };
		6974E4841D11B654005EC792 /* Base */ = {isa = PBXFileReference; lastKnownFileType = file.storyboard; name = Base; path = Base.lproj/Main.storyboard; sourceTree = "<group>"; };
		6974E4861D11B654005EC792 /* Assets.xcassets */ = {isa = PBXFileReference; lastKnownFileType = folder.assetcatalog; path = Assets.xcassets; sourceTree = "<group>"; };
		6974E4891D11B654005EC792 /* Base */ = {isa = PBXFileReference; lastKnownFileType = file.storyboard; name = Base; path = Base.lproj/LaunchScreen.storyboard; sourceTree = "<group>"; };
		6974E48B1D11B654005EC792 /* Info.plist */ = {isa = PBXFileReference; lastKnownFileType = text.plist.xml; path = Info.plist; sourceTree = "<group>"; };
		6974E4901D11B654005EC792 /* Location Discover.xctest */ = {isa = PBXFileReference; explicitFileType = wrapper.cfbundle; includeInIndex = 0; path = "Location Discover.xctest"; sourceTree = BUILT_PRODUCTS_DIR; };
		6974E4941D11B654005EC792 /* Location_DiscoverUITests.swift */ = {isa = PBXFileReference; lastKnownFileType = sourcecode.swift; path = Location_DiscoverUITests.swift; sourceTree = "<group>"; };
		6974E4961D11B654005EC792 /* Info.plist */ = {isa = PBXFileReference; lastKnownFileType = text.plist.xml; path = Info.plist; sourceTree = "<group>"; };
		6974E49F1D11B8D0005EC792 /* MapKit.framework */ = {isa = PBXFileReference; lastKnownFileType = wrapper.framework; name = MapKit.framework; path = System/Library/Frameworks/MapKit.framework; sourceTree = SDKROOT; };
		6997097B1D18BE300050C8EE /* TweetsTableViewCell.swift */ = {isa = PBXFileReference; fileEncoding = 4; lastKnownFileType = sourcecode.swift; path = TweetsTableViewCell.swift; sourceTree = "<group>"; };
		6997097C1D18BE300050C8EE /* TweetsTableViewCell.xib */ = {isa = PBXFileReference; fileEncoding = 4; lastKnownFileType = file.xib; path = TweetsTableViewCell.xib; sourceTree = "<group>"; };
		69B9663F1D6420050029C76A /* DataProcessor.swift */ = {isa = PBXFileReference; fileEncoding = 4; lastKnownFileType = sourcecode.swift; path = DataProcessor.swift; sourceTree = "<group>"; };
		69B966411D6420280029C76A /* APICommunicator.swift */ = {isa = PBXFileReference; fileEncoding = 4; lastKnownFileType = sourcecode.swift; path = APICommunicator.swift; sourceTree = "<group>"; };
		FE425D3478C86F23B396E4DD /* Pods-Location Discover.release.xcconfig */ = {isa = PBXFileReference; includeInIndex = 1; lastKnownFileType = text.xcconfig; name = "Pods-Location Discover.release.xcconfig"; path = "Pods/Target Support Files/Pods-Location Discover/Pods-Location Discover.release.xcconfig"; sourceTree = "<group>"; };
/* End PBXFileReference section */

/* Begin PBXFrameworksBuildPhase section */
		6974E4771D11B653005EC792 /* Frameworks */ = {
			isa = PBXFrameworksBuildPhase;
			buildActionMask = 2147483647;
			files = (
				6974E4A01D11B8D0005EC792 /* MapKit.framework in Frameworks */,
				EF5B82AFCD1E9E856FA7DB4F /* Pods_Location_Discover.framework in Frameworks */,
			);
			runOnlyForDeploymentPostprocessing = 0;
		};
		6974E48D1D11B654005EC792 /* Frameworks */ = {
			isa = PBXFrameworksBuildPhase;
			buildActionMask = 2147483647;
			files = (
			);
			runOnlyForDeploymentPostprocessing = 0;
		};
/* End PBXFrameworksBuildPhase section */

/* Begin PBXGroup section */
		156106B0E5F648FD9DF33EDF /* Frameworks */ = {
			isa = PBXGroup;
			children = (
				304AE0E1072725814A824F5F /* Pods_Location_Discover.framework */,
			);
			name = Frameworks;
			sourceTree = "<group>";
		};
		6974E4711D11B653005EC792 = {
			isa = PBXGroup;
			children = (
				6974E49F1D11B8D0005EC792 /* MapKit.framework */,
				6974E47C1D11B653005EC792 /* Location Discover */,
				6974E4931D11B654005EC792 /* Location DiscoverUITests */,
				6974E47B1D11B653005EC792 /* Products */,
				8385D4C8EE04633079722E42 /* Pods */,
				156106B0E5F648FD9DF33EDF /* Frameworks */,
			);
			sourceTree = "<group>";
		};
		6974E47B1D11B653005EC792 /* Products */ = {
			isa = PBXGroup;
			children = (
				6974E47A1D11B653005EC792 /* Location Discover.app */,
				6974E4901D11B654005EC792 /* Location Discover.xctest */,
			);
			name = Products;
			sourceTree = "<group>";
		};
		6974E47C1D11B653005EC792 /* Location Discover */ = {
			isa = PBXGroup;
			children = (
				6974E47D1D11B653005EC792 /* AppDelegate.swift */,
				691A26041D18260E009104FC /* ViewController.swift */,
				6974E47F1D11B654005EC792 /* FirstViewController.swift */,
				6974E4811D11B654005EC792 /* SecondViewController.swift */,
				691A26021D18254A009104FC /* ThirdViewController.swift */,
				6997097B1D18BE300050C8EE /* TweetsTableViewCell.swift */,
				6997097C1D18BE300050C8EE /* TweetsTableViewCell.xib */,
				690158A51D199F13003818E3 /* FourthViewController.swift */,
				690158A71D19AF51003818E3 /* FlickrCollectionViewCell.swift */,
				690158A81D19AF51003818E3 /* FlickrCollectionViewCell.xib */,
				69B9663F1D6420050029C76A /* DataProcessor.swift */,
				693265E41D1E3D7E006A5EA8 /* FlickrPhotoViewController.swift */,
				69B966411D6420280029C76A /* APICommunicator.swift */,
				693265E51D1E3D7E006A5EA8 /* FlickrPhotoViewController.xib */,
				6974E4831D11B654005EC792 /* Main.storyboard */,
				6974E4861D11B654005EC792 /* Assets.xcassets */,
				6974E4881D11B654005EC792 /* LaunchScreen.storyboard */,
				6974E48B1D11B654005EC792 /* Info.plist */,
			);
			path = "Location Discover";
			sourceTree = "<group>";
		};
		6974E4931D11B654005EC792 /* Location DiscoverUITests */ = {
			isa = PBXGroup;
			children = (
				6974E4941D11B654005EC792 /* Location_DiscoverUITests.swift */,
				6974E4961D11B654005EC792 /* Info.plist */,
			);
			path = "Location DiscoverUITests";
			sourceTree = "<group>";
		};
		8385D4C8EE04633079722E42 /* Pods */ = {
			isa = PBXGroup;
			children = (
				1C2D2FAF8E1197B2C1B7AF9A /* Pods-Location Discover.debug.xcconfig */,
				FE425D3478C86F23B396E4DD /* Pods-Location Discover.release.xcconfig */,
			);
			name = Pods;
			sourceTree = "<group>";
		};
/* End PBXGroup section */

/* Begin PBXNativeTarget section */
		6974E4791D11B653005EC792 /* Location Discover */ = {
			isa = PBXNativeTarget;
			buildConfigurationList = 6974E4991D11B654005EC792 /* Build configuration list for PBXNativeTarget "Location Discover" */;
			buildPhases = (
				545FA4D561F0EC4B18B96FA2 /* Check Pods Manifest.lock */,
				6974E4761D11B653005EC792 /* Sources */,
				6974E4771D11B653005EC792 /* Frameworks */,
				6974E4781D11B653005EC792 /* Resources */,
				A1983D3240FF1EC8A6E72115 /* Embed Pods Frameworks */,
				F5FFC3C3DF81931126173686 /* Copy Pods Resources */,
			);
			buildRules = (
			);
			dependencies = (
			);
			name = "Location Discover";
			productName = "Location Discover";
			productReference = 6974E47A1D11B653005EC792 /* Location Discover.app */;
			productType = "com.apple.product-type.application";
		};
		6974E48F1D11B654005EC792 /* Location DiscoverUITests */ = {
			isa = PBXNativeTarget;
			buildConfigurationList = 6974E49C1D11B654005EC792 /* Build configuration list for PBXNativeTarget "Location DiscoverUITests" */;
			buildPhases = (
				6974E48C1D11B654005EC792 /* Sources */,
				6974E48D1D11B654005EC792 /* Frameworks */,
				6974E48E1D11B654005EC792 /* Resources */,
			);
			buildRules = (
			);
			dependencies = (
				6974E4921D11B654005EC792 /* PBXTargetDependency */,
			);
			name = "Location DiscoverUITests";
			productName = "Location DiscoverUITests";
			productReference = 6974E4901D11B654005EC792 /* Location Discover.xctest */;
			productType = "com.apple.product-type.bundle.ui-testing";
		};
/* End PBXNativeTarget section */

/* Begin PBXProject section */
		6974E4721D11B653005EC792 /* Project object */ = {
			isa = PBXProject;
			attributes = {
				LastSwiftUpdateCheck = 0730;
				LastUpgradeCheck = 0810;
				ORGANIZATIONNAME = "YANGSHENG ZOU";
				TargetAttributes = {
					6974E4791D11B653005EC792 = {
						CreatedOnToolsVersion = 7.3.1;
						DevelopmentTeam = M9KWKR5F39;
						LastSwiftMigration = 0800;
					};
					6974E48F1D11B654005EC792 = {
						CreatedOnToolsVersion = 7.3.1;
						LastSwiftMigration = 0800;
						TestTargetID = 6974E4791D11B653005EC792;
					};
				};
			};
			buildConfigurationList = 6974E4751D11B653005EC792 /* Build configuration list for PBXProject "Location Discover" */;
			compatibilityVersion = "Xcode 3.2";
			developmentRegion = English;
			hasScannedForEncodings = 0;
			knownRegions = (
				en,
				Base,
			);
			mainGroup = 6974E4711D11B653005EC792;
			productRefGroup = 6974E47B1D11B653005EC792 /* Products */;
			projectDirPath = "";
			projectRoot = "";
			targets = (
				6974E4791D11B653005EC792 /* Location Discover */,
				6974E48F1D11B654005EC792 /* Location DiscoverUITests */,
			);
		};
/* End PBXProject section */

/* Begin PBXResourcesBuildPhase section */
		6974E4781D11B653005EC792 /* Resources */ = {
			isa = PBXResourcesBuildPhase;
			buildActionMask = 2147483647;
			files = (
				6974E48A1D11B654005EC792 /* LaunchScreen.storyboard in Resources */,
				6974E4871D11B654005EC792 /* Assets.xcassets in Resources */,
				693265E71D1E3D7E006A5EA8 /* FlickrPhotoViewController.xib in Resources */,
				690158AA1D19AF51003818E3 /* FlickrCollectionViewCell.xib in Resources */,
				6974E4851D11B654005EC792 /* Main.storyboard in Resources */,
				6997097E1D18BE300050C8EE /* TweetsTableViewCell.xib in Resources */,
			);
			runOnlyForDeploymentPostprocessing = 0;
		};
		6974E48E1D11B654005EC792 /* Resources */ = {
			isa = PBXResourcesBuildPhase;
			buildActionMask = 2147483647;
			files = (
			);
			runOnlyForDeploymentPostprocessing = 0;
		};
/* End PBXResourcesBuildPhase section */

/* Begin PBXShellScriptBuildPhase section */
		545FA4D561F0EC4B18B96FA2 /* Check Pods Manifest.lock */ = {
			isa = PBXShellScriptBuildPhase;
			buildActionMask = 2147483647;
			files = (
			);
			inputPaths = (
			);
			name = "Check Pods Manifest.lock";
			outputPaths = (
			);
			runOnlyForDeploymentPostprocessing = 0;
			shellPath = /bin/sh;
			shellScript = "diff \"${PODS_ROOT}/../Podfile.lock\" \"${PODS_ROOT}/Manifest.lock\" > /dev/null\nif [[ $? != 0 ]] ; then\n    cat << EOM\nerror: The sandbox is not in sync with the Podfile.lock. Run 'pod install' or update your CocoaPods installation.\nEOM\n    exit 1\nfi\n";
			showEnvVarsInLog = 0;
		};
		A1983D3240FF1EC8A6E72115 /* Embed Pods Frameworks */ = {
			isa = PBXShellScriptBuildPhase;
			buildActionMask = 2147483647;
			files = (
			);
			inputPaths = (
			);
			name = "Embed Pods Frameworks";
			outputPaths = (
			);
			runOnlyForDeploymentPostprocessing = 0;
			shellPath = /bin/sh;
			shellScript = "\"${SRCROOT}/Pods/Target Support Files/Pods-Location Discover/Pods-Location Discover-frameworks.sh\"\n";
			showEnvVarsInLog = 0;
		};
		F5FFC3C3DF81931126173686 /* Copy Pods Resources */ = {
			isa = PBXShellScriptBuildPhase;
			buildActionMask = 2147483647;
			files = (
			);
			inputPaths = (
			);
			name = "Copy Pods Resources";
			outputPaths = (
			);
			runOnlyForDeploymentPostprocessing = 0;
			shellPath = /bin/sh;
			shellScript = "\"${SRCROOT}/Pods/Target Support Files/Pods-Location Discover/Pods-Location Discover-resources.sh\"\n";
			showEnvVarsInLog = 0;
		};
/* End PBXShellScriptBuildPhase section */

/* Begin PBXSourcesBuildPhase section */
		6974E4761D11B653005EC792 /* Sources */ = {
			isa = PBXSourcesBuildPhase;
			buildActionMask = 2147483647;
			files = (
				691A26051D18260E009104FC /* ViewController.swift in Sources */,
				6974E4821D11B654005EC792 /* SecondViewController.swift in Sources */,
				6974E47E1D11B653005EC792 /* AppDelegate.swift in Sources */,
				690158A61D199F13003818E3 /* FourthViewController.swift in Sources */,
				691A26031D18254A009104FC /* ThirdViewController.swift in Sources */,
				69B966421D6420280029C76A /* APICommunicator.swift in Sources */,
				6974E4801D11B654005EC792 /* FirstViewController.swift in Sources */,
				6997097D1D18BE300050C8EE /* TweetsTableViewCell.swift in Sources */,
				693265E61D1E3D7E006A5EA8 /* FlickrPhotoViewController.swift in Sources */,
				69B966401D6420050029C76A /* DataProcessor.swift in Sources */,
				690158A91D19AF51003818E3 /* FlickrCollectionViewCell.swift in Sources */,
			);
			runOnlyForDeploymentPostprocessing = 0;
		};
		6974E48C1D11B654005EC792 /* Sources */ = {
			isa = PBXSourcesBuildPhase;
			buildActionMask = 2147483647;
			files = (
				6974E4951D11B654005EC792 /* Location_DiscoverUITests.swift in Sources */,
			);
			runOnlyForDeploymentPostprocessing = 0;
		};
/* End PBXSourcesBuildPhase section */

/* Begin PBXTargetDependency section */
		6974E4921D11B654005EC792 /* PBXTargetDependency */ = {
			isa = PBXTargetDependency;
			target = 6974E4791D11B653005EC792 /* Location Discover */;
			targetProxy = 6974E4911D11B654005EC792 /* PBXContainerItemProxy */;
		};
/* End PBXTargetDependency section */

/* Begin PBXVariantGroup section */
		6974E4831D11B654005EC792 /* Main.storyboard */ = {
			isa = PBXVariantGroup;
			children = (
				6974E4841D11B654005EC792 /* Base */,
			);
			name = Main.storyboard;
			sourceTree = "<group>";
		};
		6974E4881D11B654005EC792 /* LaunchScreen.storyboard */ = {
			isa = PBXVariantGroup;
			children = (
				6974E4891D11B654005EC792 /* Base */,
			);
			name = LaunchScreen.storyboard;
			sourceTree = "<group>";
		};
/* End PBXVariantGroup section */

/* Begin XCBuildConfiguration section */
		6974E4971D11B654005EC792 /* Debug */ = {
			isa = XCBuildConfiguration;
			buildSettings = {
				ALWAYS_SEARCH_USER_PATHS = NO;
				CLANG_ANALYZER_NONNULL = YES;
				CLANG_CXX_LANGUAGE_STANDARD = "gnu++0x";
				CLANG_CXX_LIBRARY = "libc++";
				CLANG_ENABLE_MODULES = YES;
				CLANG_ENABLE_OBJC_ARC = YES;
				CLANG_WARN_BOOL_CONVERSION = YES;
				CLANG_WARN_CONSTANT_CONVERSION = YES;
				CLANG_WARN_DIRECT_OBJC_ISA_USAGE = YES_ERROR;
				CLANG_WARN_EMPTY_BODY = YES;
				CLANG_WARN_ENUM_CONVERSION = YES;
				CLANG_WARN_INFINITE_RECURSION = YES;
				CLANG_WARN_INT_CONVERSION = YES;
				CLANG_WARN_OBJC_ROOT_CLASS = YES_ERROR;
				CLANG_WARN_SUSPICIOUS_MOVE = YES;
				CLANG_WARN_UNREACHABLE_CODE = YES;
				CLANG_WARN__DUPLICATE_METHOD_MATCH = YES;
				"CODE_SIGN_IDENTITY[sdk=iphoneos*]" = "iPhone Developer";
				COPY_PHASE_STRIP = NO;
				DEBUG_INFORMATION_FORMAT = dwarf;
				ENABLE_STRICT_OBJC_MSGSEND = YES;
				ENABLE_TESTABILITY = YES;
				GCC_C_LANGUAGE_STANDARD = gnu99;
				GCC_DYNAMIC_NO_PIC = NO;
				GCC_NO_COMMON_BLOCKS = YES;
				GCC_OPTIMIZATION_LEVEL = 0;
				GCC_PREPROCESSOR_DEFINITIONS = (
					"DEBUG=1",
					"$(inherited)",
				);
				GCC_WARN_64_TO_32_BIT_CONVERSION = YES;
				GCC_WARN_ABOUT_RETURN_TYPE = YES_ERROR;
				GCC_WARN_UNDECLARED_SELECTOR = YES;
				GCC_WARN_UNINITIALIZED_AUTOS = YES_AGGRESSIVE;
				GCC_WARN_UNUSED_FUNCTION = YES;
				GCC_WARN_UNUSED_VARIABLE = YES;
				IPHONEOS_DEPLOYMENT_TARGET = 10.0;
				MTL_ENABLE_DEBUG_INFO = YES;
				ONLY_ACTIVE_ARCH = YES;
				SDKROOT = iphoneos;
				SWIFT_OPTIMIZATION_LEVEL = "-Onone";
				TARGETED_DEVICE_FAMILY = "1,2";
			};
			name = Debug;
		};
		6974E4981D11B654005EC792 /* Release */ = {
			isa = XCBuildConfiguration;
			buildSettings = {
				ALWAYS_SEARCH_USER_PATHS = NO;
				CLANG_ANALYZER_NONNULL = YES;
				CLANG_CXX_LANGUAGE_STANDARD = "gnu++0x";
				CLANG_CXX_LIBRARY = "libc++";
				CLANG_ENABLE_MODULES = YES;
				CLANG_ENABLE_OBJC_ARC = YES;
				CLANG_WARN_BOOL_CONVERSION = YES;
				CLANG_WARN_CONSTANT_CONVERSION = YES;
				CLANG_WARN_DIRECT_OBJC_ISA_USAGE = YES_ERROR;
				CLANG_WARN_EMPTY_BODY = YES;
				CLANG_WARN_ENUM_CONVERSION = YES;
				CLANG_WARN_INFINITE_RECURSION = YES;
				CLANG_WARN_INT_CONVERSION = YES;
				CLANG_WARN_OBJC_ROOT_CLASS = YES_ERROR;
				CLANG_WARN_SUSPICIOUS_MOVE = YES;
				CLANG_WARN_UNREACHABLE_CODE = YES;
				CLANG_WARN__DUPLICATE_METHOD_MATCH = YES;
				"CODE_SIGN_IDENTITY[sdk=iphoneos*]" = "iPhone Developer";
				COPY_PHASE_STRIP = NO;
				DEBUG_INFORMATION_FORMAT = "dwarf-with-dsym";
				ENABLE_NS_ASSERTIONS = NO;
				ENABLE_STRICT_OBJC_MSGSEND = YES;
				GCC_C_LANGUAGE_STANDARD = gnu99;
				GCC_NO_COMMON_BLOCKS = YES;
				GCC_WARN_64_TO_32_BIT_CONVERSION = YES;
				GCC_WARN_ABOUT_RETURN_TYPE = YES_ERROR;
				GCC_WARN_UNDECLARED_SELECTOR = YES;
				GCC_WARN_UNINITIALIZED_AUTOS = YES_AGGRESSIVE;
				GCC_WARN_UNUSED_FUNCTION = YES;
				GCC_WARN_UNUSED_VARIABLE = YES;
				IPHONEOS_DEPLOYMENT_TARGET = 10.0;
				MTL_ENABLE_DEBUG_INFO = NO;
				SDKROOT = iphoneos;
				SWIFT_OPTIMIZATION_LEVEL = "-Owholemodule";
				TARGETED_DEVICE_FAMILY = "1,2";
				VALIDATE_PRODUCT = YES;
			};
			name = Release;
		};
		6974E49A1D11B654005EC792 /* Debug */ = {
			isa = XCBuildConfiguration;
			baseConfigurationReference = 1C2D2FAF8E1197B2C1B7AF9A /* Pods-Location Discover.debug.xcconfig */;
			buildSettings = {
				ALWAYS_EMBED_SWIFT_STANDARD_LIBRARIES = YES;
				ASSETCATALOG_COMPILER_APPICON_NAME = AppIcon;
				DEVELOPMENT_TEAM = M9KWKR5F39;
				INFOPLIST_FILE = "Location Discover/Info.plist";
				LD_RUNPATH_SEARCH_PATHS = "$(inherited) @executable_path/Frameworks";
				PRODUCT_BUNDLE_IDENTIFIER = com.zys.discovery;
				PRODUCT_NAME = "Location Discover";
				SWIFT_VERSION = 3.0;
				TARGETED_DEVICE_FAMILY = 1;
			};
			name = Debug;
		};
		6974E49B1D11B654005EC792 /* Release */ = {
			isa = XCBuildConfiguration;
			baseConfigurationReference = FE425D3478C86F23B396E4DD /* Pods-Location Discover.release.xcconfig */;
			buildSettings = {
				ALWAYS_EMBED_SWIFT_STANDARD_LIBRARIES = YES;
				ASSETCATALOG_COMPILER_APPICON_NAME = AppIcon;
				DEVELOPMENT_TEAM = M9KWKR5F39;
				INFOPLIST_FILE = "Location Discover/Info.plist";
				LD_RUNPATH_SEARCH_PATHS = "$(inherited) @executable_path/Frameworks";
				PRODUCT_BUNDLE_IDENTIFIER = com.zys.discovery;
				PRODUCT_NAME = "Location Discover";
				SWIFT_VERSION = 3.0;
				TARGETED_DEVICE_FAMILY = 1;
			};
			name = Release;
		};
		6974E49D1D11B654005EC792 /* Debug */ = {
			isa = XCBuildConfiguration;
			buildSettings = {
				INFOPLIST_FILE = "Location DiscoverUITests/Info.plist";
				LD_RUNPATH_SEARCH_PATHS = "$(inherited) @executable_path/Frameworks @loader_path/Frameworks";
				PRODUCT_BUNDLE_IDENTIFIER = "zys.Location-DiscoverUITests";
				PRODUCT_NAME = "Location Discover";
				SWIFT_VERSION = 3.0;
				TEST_TARGET_NAME = "Location Discover";
			};
			name = Debug;
		};
		6974E49E1D11B654005EC792 /* Release */ = {
			isa = XCBuildConfiguration;
			buildSettings = {
				INFOPLIST_FILE = "Location DiscoverUITests/Info.plist";
				LD_RUNPATH_SEARCH_PATHS = "$(inherited) @executable_path/Frameworks @loader_path/Frameworks";
				PRODUCT_BUNDLE_IDENTIFIER = "zys.Location-DiscoverUITests";
				PRODUCT_NAME = "Location Discover";
				SWIFT_VERSION = 3.0;
				TEST_TARGET_NAME = "Location Discover";
			};
			name = Release;
		};
/* End XCBuildConfiguration section */

/* Begin XCConfigurationList section */
		6974E4751D11B653005EC792 /* Build configuration list for PBXProject "Location Discover" */ = {
			isa = XCConfigurationList;
			buildConfigurations = (
				6974E4971D11B654005EC792 /* Debug */,
				6974E4981D11B654005EC792 /* Release */,
			);
			defaultConfigurationIsVisible = 0;
			defaultConfigurationName = Release;
		};
		6974E4991D11B654005EC792 /* Build configuration list for PBXNativeTarget "Location Discover" */ = {
			isa = XCConfigurationList;
			buildConfigurations = (
				6974E49A1D11B654005EC792 /* Debug */,
				6974E49B1D11B654005EC792 /* Release */,
			);
			defaultConfigurationIsVisible = 0;
			defaultConfigurationName = Release;
		};
		6974E49C1D11B654005EC792 /* Build configuration list for PBXNativeTarget "Location DiscoverUITests" */ = {
			isa = XCConfigurationList;
			buildConfigurations = (
				6974E49D1D11B654005EC792 /* Debug */,
				6974E49E1D11B654005EC792 /* Release */,
			);
			defaultConfigurationIsVisible = 0;
			defaultConfigurationName = Release;
		};
/* End XCConfigurationList section */
	};
	rootObject = 6974E4721D11B653005EC792 /* Project object */;
}
